{
    "name": "shuttle-esb",
    "version": "1.0.0",
    "lockfileVersion": 1,
    "requires": true,
    "dependencies": {
        "@algolia/autocomplete-core": {
            "version": "1.5.2",
            "resolved": "https://registry.npmjs.org/@algolia/autocomplete-core/-/autocomplete-core-1.5.2.tgz",
            "integrity": "sha512-DY0bhyczFSS1b/CqJlTE/nQRtnTAHl6IemIkBy0nEWnhDzRDdtdx4p5Uuk3vwAFxwEEgi1WqKwgSSMx6DpNL4A==",
            "requires": {
                "@algolia/autocomplete-shared": "1.5.2"
            }
        },
        "@algolia/autocomplete-preset-algolia": {
            "version": "1.5.2",
            "resolved": "https://registry.npmjs.org/@algolia/autocomplete-preset-algolia/-/autocomplete-preset-algolia-1.5.2.tgz",
            "integrity": "sha512-3MRYnYQFJyovANzSX2CToS6/5cfVjbLLqFsZTKcvF3abhQzxbqwwaMBlJtt620uBUOeMzhdfasKhCc40+RHiZw==",
            "requires": {
                "@algolia/autocomplete-shared": "1.5.2"
            }
        },
        "@algolia/autocomplete-shared": {
            "version": "1.5.2",
            "resolved": "https://registry.npmjs.org/@algolia/autocomplete-shared/-/autocomplete-shared-1.5.2.tgz",
            "integrity": "sha512-ylQAYv5H0YKMfHgVWX0j0NmL8XBcAeeeVQUmppnnMtzDbDnca6CzhKj3Q8eF9cHCgcdTDdb5K+3aKyGWA0obug=="
        },
        "@algolia/cache-browser-local-storage": {
            "version": "4.13.0",
            "resolved": "https://registry.npmjs.org/@algolia/cache-browser-local-storage/-/cache-browser-local-storage-4.13.0.tgz",
            "integrity": "sha512-nj1vHRZauTqP/bluwkRIgEADEimqojJgoTRCel5f6q8WCa9Y8QeI4bpDQP28FoeKnDRYa3J5CauDlN466jqRhg==",
            "requires": {
                "@algolia/cache-common": "4.13.0"
            }
        },
        "@algolia/cache-common": {
            "version": "4.13.0",
            "resolved": "https://registry.npmjs.org/@algolia/cache-common/-/cache-common-4.13.0.tgz",
            "integrity": "sha512-f9mdZjskCui/dA/fA/5a+6hZ7xnHaaZI5tM/Rw9X8rRB39SUlF/+o3P47onZ33n/AwkpSbi5QOyhs16wHd55kA=="
        },
        "@algolia/cache-in-memory": {
            "version": "4.13.0",
            "resolved": "https://registry.npmjs.org/@algolia/cache-in-memory/-/cache-in-memory-4.13.0.tgz",
            "integrity": "sha512-hHdc+ahPiMM92CQMljmObE75laYzNFYLrNOu0Q3/eyvubZZRtY2SUsEEgyUEyzXruNdzrkcDxFYa7YpWBJYHAg==",
            "requires": {
                "@algolia/cache-common": "4.13.0"
            }
        },
        "@algolia/client-account": {
            "version": "4.13.0",
            "resolved": "https://registry.npmjs.org/@algolia/client-account/-/client-account-4.13.0.tgz",
            "integrity": "sha512-FzFqFt9b0g/LKszBDoEsW+dVBuUe1K3scp2Yf7q6pgHWM1WqyqUlARwVpLxqyc+LoyJkTxQftOKjyFUqddnPKA==",
            "requires": {
                "@algolia/client-common": "4.13.0",
                "@algolia/client-search": "4.13.0",
                "@algolia/transporter": "4.13.0"
            }
        },
        "@algolia/client-analytics": {
            "version": "4.13.0",
            "resolved": "https://registry.npmjs.org/@algolia/client-analytics/-/client-analytics-4.13.0.tgz",
            "integrity": "sha512-klmnoq2FIiiMHImkzOm+cGxqRLLu9CMHqFhbgSy9wtXZrqb8BBUIUE2VyBe7azzv1wKcxZV2RUyNOMpFqmnRZA==",
            "requires": {
                "@algolia/client-common": "4.13.0",
                "@algolia/client-search": "4.13.0",
                "@algolia/requester-common": "4.13.0",
                "@algolia/transporter": "4.13.0"
            }
        },
        "@algolia/client-common": {
            "version": "4.13.0",
            "resolved": "https://registry.npmjs.org/@algolia/client-common/-/client-common-4.13.0.tgz",
            "integrity": "sha512-GoXfTp0kVcbgfSXOjfrxx+slSipMqGO9WnNWgeMmru5Ra09MDjrcdunsiiuzF0wua6INbIpBQFTC2Mi5lUNqGA==",
            "requires": {
                "@algolia/requester-common": "4.13.0",
                "@algolia/transporter": "4.13.0"
            }
        },
        "@algolia/client-personalization": {
            "version": "4.13.0",
            "resolved": "https://registry.npmjs.org/@algolia/client-personalization/-/client-personalization-4.13.0.tgz",
            "integrity": "sha512-KneLz2WaehJmNfdr5yt2HQETpLaCYagRdWwIwkTqRVFCv4DxRQ2ChPVW9jeTj4YfAAhfzE6F8hn7wkQ/Jfj6ZA==",
            "requires": {
                "@algolia/client-common": "4.13.0",
                "@algolia/requester-common": "4.13.0",
                "@algolia/transporter": "4.13.0"
            }
        },
        "@algolia/client-search": {
            "version": "4.13.0",
            "resolved": "https://registry.npmjs.org/@algolia/client-search/-/client-search-4.13.0.tgz",
            "integrity": "sha512-blgCKYbZh1NgJWzeGf+caKE32mo3j54NprOf0LZVCubQb3Kx37tk1Hc8SDs9bCAE8hUvf3cazMPIg7wscSxspA==",
            "requires": {
                "@algolia/client-common": "4.13.0",
                "@algolia/requester-common": "4.13.0",
                "@algolia/transporter": "4.13.0"
            }
        },
        "@algolia/logger-common": {
            "version": "4.13.0",
            "resolved": "https://registry.npmjs.org/@algolia/logger-common/-/logger-common-4.13.0.tgz",
            "integrity": "sha512-8yqXk7rMtmQJ9wZiHOt/6d4/JDEg5VCk83gJ39I+X/pwUPzIsbKy9QiK4uJ3aJELKyoIiDT1hpYVt+5ia+94IA=="
        },
        "@algolia/logger-console": {
            "version": "4.13.0",
            "resolved": "https://registry.npmjs.org/@algolia/logger-console/-/logger-console-4.13.0.tgz",
            "integrity": "sha512-YepRg7w2/87L0vSXRfMND6VJ5d6699sFJBRWzZPOlek2p5fLxxK7O0VncYuc/IbVHEgeApvgXx0WgCEa38GVuQ==",
            "requires": {
                "@algolia/logger-common": "4.13.0"
            }
        },
        "@algolia/requester-browser-xhr": {
            "version": "4.13.0",
            "resolved": "https://registry.npmjs.org/@algolia/requester-browser-xhr/-/requester-browser-xhr-4.13.0.tgz",
            "integrity": "sha512-Dj+bnoWR5MotrnjblzGKZ2kCdQi2cK/VzPURPnE616NU/il7Ypy6U6DLGZ/ZYz+tnwPa0yypNf21uqt84fOgrg==",
            "requires": {
                "@algolia/requester-common": "4.13.0"
            }
        },
        "@algolia/requester-common": {
            "version": "4.13.0",
            "resolved": "https://registry.npmjs.org/@algolia/requester-common/-/requester-common-4.13.0.tgz",
            "integrity": "sha512-BRTDj53ecK+gn7ugukDWOOcBRul59C4NblCHqj4Zm5msd5UnHFjd/sGX+RLOEoFMhetILAnmg6wMrRrQVac9vw=="
        },
        "@algolia/requester-node-http": {
            "version": "4.13.0",
            "resolved": "https://registry.npmjs.org/@algolia/requester-node-http/-/requester-node-http-4.13.0.tgz",
            "integrity": "sha512-9b+3O4QFU4azLhGMrZAr/uZPydvzOR4aEZfSL8ZrpLZ7fbbqTO0S/5EVko+QIgglRAtVwxvf8UJ1wzTD2jvKxQ==",
            "requires": {
                "@algolia/requester-common": "4.13.0"
            }
        },
        "@algolia/transporter": {
            "version": "4.13.0",
            "resolved": "https://registry.npmjs.org/@algolia/transporter/-/transporter-4.13.0.tgz",
            "integrity": "sha512-8tSQYE+ykQENAdeZdofvtkOr5uJ9VcQSWgRhQ9h01AehtBIPAczk/b2CLrMsw5yQZziLs5cZ3pJ3478yI+urhA==",
            "requires": {
                "@algolia/cache-common": "4.13.0",
                "@algolia/logger-common": "4.13.0",
                "@algolia/requester-common": "4.13.0"
            }
        },
        "@babel/parser": {
            "version": "7.17.8",
            "resolved": "https://registry.npmjs.org/@babel/parser/-/parser-7.17.8.tgz",
            "integrity": "sha512-BoHhDJrJXqcg+ZL16Xv39H9n+AqJ4pcDrQBGZN+wHxIysrLZ3/ECwCBUch/1zUNhnsXULcONU3Ei5Hmkfk6kiQ=="
        },
        "@docsearch/css": {
            "version": "3.0.0",
            "resolved": "https://registry.npmjs.org/@docsearch/css/-/css-3.0.0.tgz",
            "integrity": "sha512-1kkV7tkAsiuEd0shunYRByKJe3xQDG2q7wYg24SOw1nV9/2lwEd4WrUYRJC/ukGTl2/kHeFxsaUvtiOy0y6fFA=="
        },
        "@docsearch/js": {
            "version": "3.0.0",
            "resolved": "https://registry.npmjs.org/@docsearch/js/-/js-3.0.0.tgz",
            "integrity": "sha512-j3tUJWlgW3slYqzGB8fm7y05kh2qqrIK1dZOXHeMUm/5gdKE85fiz/ltfCPMDFb/MXF+bLZChJXSMzqY0Ck30Q==",
            "requires": {
                "@docsearch/react": "3.0.0",
                "preact": "^10.0.0"
            }
        },
        "@docsearch/react": {
            "version": "3.0.0",
            "resolved": "https://registry.npmjs.org/@docsearch/react/-/react-3.0.0.tgz",
            "integrity": "sha512-yhMacqS6TVQYoBh/o603zszIb5Bl8MIXuOc6Vy617I74pirisDzzcNh0NEaYQt50fVVR3khUbeEhUEWEWipESg==",
            "requires": {
                "@algolia/autocomplete-core": "1.5.2",
                "@algolia/autocomplete-preset-algolia": "1.5.2",
                "@docsearch/css": "3.0.0",
                "algoliasearch": "^4.0.0"
            }
        },
        "@types/linkify-it": {
            "version": "3.0.2",
            "resolved": "https://registry.npmjs.org/@types/linkify-it/-/linkify-it-3.0.2.tgz",
            "integrity": "sha512-HZQYqbiFVWufzCwexrvh694SOim8z2d+xJl5UNamcvQFejLY/2YUtzXHYi3cHdI7PMlS8ejH2slRAOJQ32aNbA==",
            "dev": true
        },
        "@types/markdown-it": {
            "version": "12.2.3",
            "resolved": "https://registry.npmjs.org/@types/markdown-it/-/markdown-it-12.2.3.tgz",
            "integrity": "sha512-GKMHFfv3458yYy+v/N8gjufHO6MSZKCOXpZc5GXIWWy8uldwfmPn98vp81gZ5f9SVw8YYBctgfJ22a2d7AOMeQ==",
            "dev": true,
            "requires": {
                "@types/linkify-it": "*",
                "@types/mdurl": "*"
            }
        },
        "@types/mdurl": {
            "version": "1.0.2",
            "resolved": "https://registry.npmjs.org/@types/mdurl/-/mdurl-1.0.2.tgz",
            "integrity": "sha512-eC4U9MlIcu2q0KQmXszyn5Akca/0jrQmwDRgpAMJai7qBWq4amIQhZyNau4VYGtCeALvW1/NtjzJJ567aZxfKA==",
            "dev": true
        },
        "@types/node": {
            "version": "16.11.26",
            "resolved": "https://registry.npmjs.org/@types/node/-/node-16.11.26.tgz",
            "integrity": "sha512-GZ7bu5A6+4DtG7q9GsoHXy3ALcgeIHP4NnL0Vv2wu0uUB/yQex26v0tf6/na1mm0+bS9Uw+0DFex7aaKr2qawQ==",
            "dev": true
        },
        "@vitejs/plugin-vue": {
            "version": "2.2.4",
            "resolved": "https://registry.npmjs.org/@vitejs/plugin-vue/-/plugin-vue-2.2.4.tgz",
            "integrity": "sha512-ev9AOlp0ljCaDkFZF3JwC/pD2N4Hh+r5srl5JHM6BKg5+99jiiK0rE/XaRs3pVm1wzyKkjUy/StBSoXX5fFzcw=="
        },
        "@vue/compiler-core": {
            "version": "3.2.31",
            "resolved": "https://registry.npmjs.org/@vue/compiler-core/-/compiler-core-3.2.31.tgz",
            "integrity": "sha512-aKno00qoA4o+V/kR6i/pE+aP+esng5siNAVQ422TkBNM6qA4veXiZbSe8OTXHXquEi/f6Akc+nLfB4JGfe4/WQ==",
            "requires": {
                "@babel/parser": "^7.16.4",
                "@vue/shared": "3.2.31",
                "estree-walker": "^2.0.2",
                "source-map": "^0.6.1"
            }
        },
        "@vue/compiler-dom": {
            "version": "3.2.31",
            "resolved": "https://registry.npmjs.org/@vue/compiler-dom/-/compiler-dom-3.2.31.tgz",
            "integrity": "sha512-60zIlFfzIDf3u91cqfqy9KhCKIJgPeqxgveH2L+87RcGU/alT6BRrk5JtUso0OibH3O7NXuNOQ0cDc9beT0wrg==",
            "requires": {
                "@vue/compiler-core": "3.2.31",
                "@vue/shared": "3.2.31"
            }
        },
        "@vue/compiler-sfc": {
            "version": "3.2.31",
            "resolved": "https://registry.npmjs.org/@vue/compiler-sfc/-/compiler-sfc-3.2.31.tgz",
            "integrity": "sha512-748adc9msSPGzXgibHiO6T7RWgfnDcVQD+VVwYgSsyyY8Ans64tALHZANrKtOzvkwznV/F4H7OAod/jIlp/dkQ==",
            "requires": {
                "@babel/parser": "^7.16.4",
                "@vue/compiler-core": "3.2.31",
                "@vue/compiler-dom": "3.2.31",
                "@vue/compiler-ssr": "3.2.31",
                "@vue/reactivity-transform": "3.2.31",
                "@vue/shared": "3.2.31",
                "estree-walker": "^2.0.2",
                "magic-string": "^0.25.7",
                "postcss": "^8.1.10",
                "source-map": "^0.6.1"
            }
        },
        "@vue/compiler-ssr": {
            "version": "3.2.31",
            "resolved": "https://registry.npmjs.org/@vue/compiler-ssr/-/compiler-ssr-3.2.31.tgz",
            "integrity": "sha512-mjN0rqig+A8TVDnsGPYJM5dpbjlXeHUm2oZHZwGyMYiGT/F4fhJf/cXy8QpjnLQK4Y9Et4GWzHn9PS8AHUnSkw==",
            "requires": {
                "@vue/compiler-dom": "3.2.31",
                "@vue/shared": "3.2.31"
            }
        },
        "@vue/reactivity": {
            "version": "3.2.31",
            "resolved": "https://registry.npmjs.org/@vue/reactivity/-/reactivity-3.2.31.tgz",
            "integrity": "sha512-HVr0l211gbhpEKYr2hYe7hRsV91uIVGFYNHj73njbARVGHQvIojkImKMaZNDdoDZOIkMsBc9a1sMqR+WZwfSCw==",
            "requires": {
                "@vue/shared": "3.2.31"
            }
        },
        "@vue/reactivity-transform": {
            "version": "3.2.31",
            "resolved": "https://registry.npmjs.org/@vue/reactivity-transform/-/reactivity-transform-3.2.31.tgz",
            "integrity": "sha512-uS4l4z/W7wXdI+Va5pgVxBJ345wyGFKvpPYtdSgvfJfX/x2Ymm6ophQlXXB6acqGHtXuBqNyyO3zVp9b1r0MOA==",
            "requires": {
                "@babel/parser": "^7.16.4",
                "@vue/compiler-core": "3.2.31",
                "@vue/shared": "3.2.31",
                "estree-walker": "^2.0.2",
                "magic-string": "^0.25.7"
            }
        },
        "@vue/runtime-core": {
            "version": "3.2.31",
            "resolved": "https://registry.npmjs.org/@vue/runtime-core/-/runtime-core-3.2.31.tgz",
            "integrity": "sha512-Kcog5XmSY7VHFEMuk4+Gap8gUssYMZ2+w+cmGI6OpZWYOEIcbE0TPzzPHi+8XTzAgx1w/ZxDFcXhZeXN5eKWsA==",
            "requires": {
                "@vue/reactivity": "3.2.31",
                "@vue/shared": "3.2.31"
            }
        },
        "@vue/runtime-dom": {
            "version": "3.2.31",
            "resolved": "https://registry.npmjs.org/@vue/runtime-dom/-/runtime-dom-3.2.31.tgz",
            "integrity": "sha512-N+o0sICVLScUjfLG7u9u5XCjvmsexAiPt17GNnaWHJUfsKed5e85/A3SWgKxzlxx2SW/Hw7RQxzxbXez9PtY3g==",
            "requires": {
                "@vue/runtime-core": "3.2.31",
                "@vue/shared": "3.2.31",
                "csstype": "^2.6.8"
            }
        },
        "@vue/server-renderer": {
            "version": "3.2.31",
            "resolved": "https://registry.npmjs.org/@vue/server-renderer/-/server-renderer-3.2.31.tgz",
            "integrity": "sha512-8CN3Zj2HyR2LQQBHZ61HexF5NReqngLT3oahyiVRfSSvak+oAvVmu8iNLSu6XR77Ili2AOpnAt1y8ywjjqtmkg==",
            "requires": {
                "@vue/compiler-ssr": "3.2.31",
                "@vue/shared": "3.2.31"
            }
        },
        "@vue/shared": {
            "version": "3.2.31",
            "resolved": "https://registry.npmjs.org/@vue/shared/-/shared-3.2.31.tgz",
            "integrity": "sha512-ymN2pj6zEjiKJZbrf98UM2pfDd6F2H7ksKw7NDt/ZZ1fh5Ei39X5tABugtT03ZRlWd9imccoK0hE8hpjpU7irQ=="
        },
        "@vueuse/core": {
            "version": "8.1.2",
            "resolved": "https://registry.npmjs.org/@vueuse/core/-/core-8.1.2.tgz",
            "integrity": "sha512-prI2GzigBUtJNTcwRjJPzUPLFoRZM1RZFR464DFdwgU8TxRFf7dRvuvWFDNbCATzLExHFnGI3zTp9GkXTTZxgQ==",
            "requires": {
                "@vueuse/metadata": "8.1.2",
                "@vueuse/shared": "8.1.2",
                "vue-demi": "*"
            }
        },
        "@vueuse/metadata": {
            "version": "8.1.2",
            "resolved": "https://registry.npmjs.org/@vueuse/metadata/-/metadata-8.1.2.tgz",
            "integrity": "sha512-LrPtdiYMleygnGmz8mEmYI9h4Eyo+/igxZWNrwuPnqvL9pIO+8eUpBgPLH5GowKv3Nu0LPZSXSIuaWVJBSU1Cg=="
        },
        "@vueuse/shared": {
            "version": "8.1.2",
            "resolved": "https://registry.npmjs.org/@vueuse/shared/-/shared-8.1.2.tgz",
            "integrity": "sha512-4Hb9iPUhAz7ghO4hgvB2GV2FOy12qQGdhmQ+9HC6QN/J66DELhmxAvkZAtK5FBqZOSwzKszPqNqoyhRKQrrWGQ==",
            "requires": {
                "vue-demi": "*"
            }
        },
        "algoliasearch": {
            "version": "4.13.0",
            "resolved": "https://registry.npmjs.org/algoliasearch/-/algoliasearch-4.13.0.tgz",
            "integrity": "sha512-oHv4faI1Vl2s+YC0YquwkK/TsaJs79g2JFg5FDm2rKN12VItPTAeQ7hyJMHarOPPYuCnNC5kixbtcqvb21wchw==",
            "requires": {
                "@algolia/cache-browser-local-storage": "4.13.0",
                "@algolia/cache-common": "4.13.0",
                "@algolia/cache-in-memory": "4.13.0",
                "@algolia/client-account": "4.13.0",
                "@algolia/client-analytics": "4.13.0",
                "@algolia/client-common": "4.13.0",
                "@algolia/client-personalization": "4.13.0",
                "@algolia/client-search": "4.13.0",
                "@algolia/logger-common": "4.13.0",
                "@algolia/logger-console": "4.13.0",
                "@algolia/requester-browser-xhr": "4.13.0",
                "@algolia/requester-common": "4.13.0",
                "@algolia/requester-node-http": "4.13.0",
                "@algolia/transporter": "4.13.0"
            }
        },
        "body-scroll-lock": {
            "version": "3.1.5",
            "resolved": "https://registry.npmjs.org/body-scroll-lock/-/body-scroll-lock-3.1.5.tgz",
            "integrity": "sha512-Yi1Xaml0EvNA0OYWxXiYNqY24AfWkbA6w5vxE7GWxtKfzIbZM+Qw+aSmkgsbWzbHiy/RCSkUZBplVxTA+E4jJg=="
        },
        "csstype": {
            "version": "2.6.20",
            "resolved": "https://registry.npmjs.org/csstype/-/csstype-2.6.20.tgz",
            "integrity": "sha512-/WwNkdXfckNgw6S5R125rrW8ez139lBHWouiBvX8dfMFtcn6V81REDqnH7+CRpRipfYlyU1CmOnOxrmGcFOjeA=="
        },
        "esbuild": {
            "version": "0.14.27",
            "resolved": "https://registry.npmjs.org/esbuild/-/esbuild-0.14.27.tgz",
            "integrity": "sha512-MZQt5SywZS3hA9fXnMhR22dv0oPGh6QtjJRIYbgL1AeqAoQZE+Qn5ppGYQAoHv/vq827flj4tIJ79Mrdiwk46Q==",
            "requires": {
                "esbuild-android-64": "0.14.27",
                "esbuild-android-arm64": "0.14.27",
                "esbuild-darwin-64": "0.14.27",
                "esbuild-darwin-arm64": "0.14.27",
                "esbuild-freebsd-64": "0.14.27",
                "esbuild-freebsd-arm64": "0.14.27",
                "esbuild-linux-32": "0.14.27",
                "esbuild-linux-64": "0.14.27",
                "esbuild-linux-arm": "0.14.27",
                "esbuild-linux-arm64": "0.14.27",
                "esbuild-linux-mips64le": "0.14.27",
                "esbuild-linux-ppc64le": "0.14.27",
                "esbuild-linux-riscv64": "0.14.27",
                "esbuild-linux-s390x": "0.14.27",
                "esbuild-netbsd-64": "0.14.27",
                "esbuild-openbsd-64": "0.14.27",
                "esbuild-sunos-64": "0.14.27",
                "esbuild-windows-32": "0.14.27",
                "esbuild-windows-64": "0.14.27",
                "esbuild-windows-arm64": "0.14.27"
            }
        },
        "esbuild-android-64": {
            "version": "0.14.27",
            "resolved": "https://registry.npmjs.org/esbuild-android-64/-/esbuild-android-64-0.14.27.tgz",
            "integrity": "sha512-LuEd4uPuj/16Y8j6kqy3Z2E9vNY9logfq8Tq+oTE2PZVuNs3M1kj5Qd4O95ee66yDGb3isaOCV7sOLDwtMfGaQ==",
            "optional": true
        },
        "esbuild-android-arm64": {
            "version": "0.14.27",
            "resolved": "https://registry.npmjs.org/esbuild-android-arm64/-/esbuild-android-arm64-0.14.27.tgz",
            "integrity": "sha512-E8Ktwwa6vX8q7QeJmg8yepBYXaee50OdQS3BFtEHKrzbV45H4foMOeEE7uqdjGQZFBap5VAqo7pvjlyA92wznQ==",
            "optional": true
        },
        "esbuild-darwin-64": {
            "version": "0.14.27",
            "resolved": "https://registry.npmjs.org/esbuild-darwin-64/-/esbuild-darwin-64-0.14.27.tgz",
            "integrity": "sha512-czw/kXl/1ZdenPWfw9jDc5iuIYxqUxgQ/Q+hRd4/3udyGGVI31r29LCViN2bAJgGvQkqyLGVcG03PJPEXQ5i2g==",
            "optional": true
        },
        "esbuild-darwin-arm64": {
            "version": "0.14.27",
            "resolved": "https://registry.npmjs.org/esbuild-darwin-arm64/-/esbuild-darwin-arm64-0.14.27.tgz",
            "integrity": "sha512-BEsv2U2U4o672oV8+xpXNxN9bgqRCtddQC6WBh4YhXKDcSZcdNh7+6nS+DM2vu7qWIWNA4JbRG24LUUYXysimQ==",
            "optional": true
        },
        "esbuild-freebsd-64": {
            "version": "0.14.27",
            "resolved": "https://registry.npmjs.org/esbuild-freebsd-64/-/esbuild-freebsd-64-0.14.27.tgz",
            "integrity": "sha512-7FeiFPGBo+ga+kOkDxtPmdPZdayrSzsV9pmfHxcyLKxu+3oTcajeZlOO1y9HW+t5aFZPiv7czOHM4KNd0tNwCA==",
            "optional": true
        },
        "esbuild-freebsd-arm64": {
            "version": "0.14.27",
            "resolved": "https://registry.npmjs.org/esbuild-freebsd-arm64/-/esbuild-freebsd-arm64-0.14.27.tgz",
            "integrity": "sha512-8CK3++foRZJluOWXpllG5zwAVlxtv36NpHfsbWS7TYlD8S+QruXltKlXToc/5ZNzBK++l6rvRKELu/puCLc7jA==",
            "optional": true
        },
        "esbuild-linux-32": {
            "version": "0.14.27",
            "resolved": "https://registry.npmjs.org/esbuild-linux-32/-/esbuild-linux-32-0.14.27.tgz",
            "integrity": "sha512-qhNYIcT+EsYSBClZ5QhLzFzV5iVsP1YsITqblSaztr3+ZJUI+GoK8aXHyzKd7/CKKuK93cxEMJPpfi1dfsOfdw==",
            "optional": true
        },
        "esbuild-linux-64": {
            "version": "0.14.27",
            "resolved": "https://registry.npmjs.org/esbuild-linux-64/-/esbuild-linux-64-0.14.27.tgz",
            "integrity": "sha512-ESjck9+EsHoTaKWlFKJpPZRN26uiav5gkI16RuI8WBxUdLrrAlYuYSndxxKgEn1csd968BX/8yQZATYf/9+/qg==",
            "optional": true
        },
        "esbuild-linux-arm": {
            "version": "0.14.27",
            "resolved": "https://registry.npmjs.org/esbuild-linux-arm/-/esbuild-linux-arm-0.14.27.tgz",
            "integrity": "sha512-JnnmgUBdqLQO9hoNZQqNHFWlNpSX82vzB3rYuCJMhtkuaWQEmQz6Lec1UIxJdC38ifEghNTBsF9bbe8dFilnCw==",
            "optional": true
        },
        "esbuild-linux-arm64": {
            "version": "0.14.27",
            "resolved": "https://registry.npmjs.org/esbuild-linux-arm64/-/esbuild-linux-arm64-0.14.27.tgz",
            "integrity": "sha512-no6Mi17eV2tHlJnqBHRLekpZ2/VYx+NfGxKcBE/2xOMYwctsanCaXxw4zapvNrGE9X38vefVXLz6YCF8b1EHiQ==",
            "optional": true
        },
        "esbuild-linux-mips64le": {
            "version": "0.14.27",
            "resolved": "https://registry.npmjs.org/esbuild-linux-mips64le/-/esbuild-linux-mips64le-0.14.27.tgz",
            "integrity": "sha512-NolWP2uOvIJpbwpsDbwfeExZOY1bZNlWE/kVfkzLMsSgqeVcl5YMen/cedRe9mKnpfLli+i0uSp7N+fkKNU27A==",
            "optional": true
        },
        "esbuild-linux-ppc64le": {
            "version": "0.14.27",
            "resolved": "https://registry.npmjs.org/esbuild-linux-ppc64le/-/esbuild-linux-ppc64le-0.14.27.tgz",
            "integrity": "sha512-/7dTjDvXMdRKmsSxKXeWyonuGgblnYDn0MI1xDC7J1VQXny8k1qgNp6VmrlsawwnsymSUUiThhkJsI+rx0taNA==",
            "optional": true
        },
        "esbuild-linux-riscv64": {
            "version": "0.14.27",
            "resolved": "https://registry.npmjs.org/esbuild-linux-riscv64/-/esbuild-linux-riscv64-0.14.27.tgz",
            "integrity": "sha512-D+aFiUzOJG13RhrSmZgrcFaF4UUHpqj7XSKrIiCXIj1dkIkFqdrmqMSOtSs78dOtObWiOrFCDDzB24UyeEiNGg==",
            "optional": true
        },
        "esbuild-linux-s390x": {
            "version": "0.14.27",
            "resolved": "https://registry.npmjs.org/esbuild-linux-s390x/-/esbuild-linux-s390x-0.14.27.tgz",
            "integrity": "sha512-CD/D4tj0U4UQjELkdNlZhQ8nDHU5rBn6NGp47Hiz0Y7/akAY5i0oGadhEIg0WCY/HYVXFb3CsSPPwaKcTOW3bg==",
            "optional": true
        },
        "esbuild-netbsd-64": {
            "version": "0.14.27",
            "resolved": "https://registry.npmjs.org/esbuild-netbsd-64/-/esbuild-netbsd-64-0.14.27.tgz",
            "integrity": "sha512-h3mAld69SrO1VoaMpYl3a5FNdGRE/Nqc+E8VtHOag4tyBwhCQXxtvDDOAKOUQexBGca0IuR6UayQ4ntSX5ij1Q==",
            "optional": true
        },
        "esbuild-openbsd-64": {
            "version": "0.14.27",
            "resolved": "https://registry.npmjs.org/esbuild-openbsd-64/-/esbuild-openbsd-64-0.14.27.tgz",
            "integrity": "sha512-xwSje6qIZaDHXWoPpIgvL+7fC6WeubHHv18tusLYMwL+Z6bEa4Pbfs5IWDtQdHkArtfxEkIZz77944z8MgDxGw==",
            "optional": true
        },
        "esbuild-sunos-64": {
            "version": "0.14.27",
            "resolved": "https://registry.npmjs.org/esbuild-sunos-64/-/esbuild-sunos-64-0.14.27.tgz",
            "integrity": "sha512-/nBVpWIDjYiyMhuqIqbXXsxBc58cBVH9uztAOIfWShStxq9BNBik92oPQPJ57nzWXRNKQUEFWr4Q98utDWz7jg==",
            "optional": true
        },
        "esbuild-windows-32": {
            "version": "0.14.27",
            "resolved": "https://registry.npmjs.org/esbuild-windows-32/-/esbuild-windows-32-0.14.27.tgz",
            "integrity": "sha512-Q9/zEjhZJ4trtWhFWIZvS/7RUzzi8rvkoaS9oiizkHTTKd8UxFwn/Mm2OywsAfYymgUYm8+y2b+BKTNEFxUekw==",
            "optional": true
        },
        "esbuild-windows-64": {
            "version": "0.14.27",
            "resolved": "https://registry.npmjs.org/esbuild-windows-64/-/esbuild-windows-64-0.14.27.tgz",
            "integrity": "sha512-b3y3vTSl5aEhWHK66ngtiS/c6byLf6y/ZBvODH1YkBM+MGtVL6jN38FdHUsZasCz9gFwYs/lJMVY9u7GL6wfYg==",
            "optional": true
        },
        "esbuild-windows-arm64": {
            "version": "0.14.27",
            "resolved": "https://registry.npmjs.org/esbuild-windows-arm64/-/esbuild-windows-arm64-0.14.27.tgz",
            "integrity": "sha512-I/reTxr6TFMcR5qbIkwRGvldMIaiBu2+MP0LlD7sOlNXrfqIl9uNjsuxFPGEG4IRomjfQ5q8WT+xlF/ySVkqKg==",
            "optional": true
        },
        "estree-walker": {
            "version": "2.0.2",
            "resolved": "https://registry.npmjs.org/estree-walker/-/estree-walker-2.0.2.tgz",
            "integrity": "sha512-Rfkk/Mp/DL7JVje3u18FxFujQlTNR2q6QfMSMB7AvCBx91NGj/ba3kCfza0f6dVDbw7YlRf/nDrn7pQrCCyQ/w=="
        },
        "fsevents": {
            "version": "2.3.2",
            "resolved": "https://registry.npmjs.org/fsevents/-/fsevents-2.3.2.tgz",
            "integrity": "sha512-xiqMQR4xAeHTuB9uWm+fFRcIOgKBMiOBP+eXiyT7jsgVCq1bkVygt00oASowB7EdtpOHaaPgKt812P9ab+DDKA==",
            "optional": true
        },
        "function-bind": {
            "version": "1.1.1",
            "resolved": "https://registry.npmjs.org/function-bind/-/function-bind-1.1.1.tgz",
            "integrity": "sha512-yIovAzMX49sF8Yl58fSCWJ5svSLuaibPxXQJFLmBObTuCr0Mf1KiPopGM9NiFjiYBCbfaa2Fh6breQ6ANVTI0A=="
        },
        "has": {
            "version": "1.0.3",
            "resolved": "https://registry.npmjs.org/has/-/has-1.0.3.tgz",
            "integrity": "sha512-f2dvO0VU6Oej7RkWJGrehjbzMAjFp5/VKPp5tTpWIV4JHHZK1/BxbFRtf/siA2SWTe09caDmVtYYzWEIbBS4zw==",
            "requires": {
                "function-bind": "^1.1.1"
            }
        },
        "is-core-module": {
            "version": "2.8.1",
            "resolved": "https://registry.npmjs.org/is-core-module/-/is-core-module-2.8.1.tgz",
            "integrity": "sha512-SdNCUs284hr40hFTFP6l0IfZ/RSrMXF3qgoRHd3/79unUTvrFO/JoXwkGm+5J/Oe3E/b5GsnG330uUNgRpu1PA==",
            "requires": {
                "has": "^1.0.3"
            }
        },
        "jsonc-parser": {
            "version": "3.0.0",
            "resolved": "https://registry.npmjs.org/jsonc-parser/-/jsonc-parser-3.0.0.tgz",
            "integrity": "sha512-fQzRfAbIBnR0IQvftw9FJveWiHp72Fg20giDrHz6TdfB12UH/uue0D3hm57UB5KgAVuniLMCaS8P1IMj9NR7cA=="
        },
        "magic-string": {
            "version": "0.25.9",
            "resolved": "https://registry.npmjs.org/magic-string/-/magic-string-0.25.9.tgz",
            "integrity": "sha512-RmF0AsMzgt25qzqqLc1+MbHmhdx0ojF2Fvs4XnOqz2ZOBXzzkEwc/dJQZCYHAn7v1jbVOjAZfK8msRn4BxO4VQ==",
            "requires": {
                "sourcemap-codec": "^1.4.8"
            }
        },
        "nanoid": {
            "version": "3.3.1",
            "resolved": "https://registry.npmjs.org/nanoid/-/nanoid-3.3.1.tgz",
            "integrity": "sha512-n6Vs/3KGyxPQd6uO0eH4Bv0ojGSUvuLlIHtC3Y0kEO23YRge8H9x1GCzLn28YX0H66pMkxuaeESFq4tKISKwdw=="
        },
        "normalize.css": {
            "version": "8.0.1",
            "resolved": "https://registry.npmjs.org/normalize.css/-/normalize.css-8.0.1.tgz",
            "integrity": "sha512-qizSNPO93t1YUuUhP22btGOo3chcvDFqFaj2TRybP0DMxkHOCTYwp3n34fel4a31ORXy4m1Xq0Gyqpb5m33qIg=="
        },
        "path-parse": {
            "version": "1.0.7",
            "resolved": "https://registry.npmjs.org/path-parse/-/path-parse-1.0.7.tgz",
            "integrity": "sha512-LDJzPVEEEPR+y48z93A0Ed0yXb8pAByGWo/k5YYdYgpY2/2EsOsksJrq7lOHxryrVOn1ejG6oAp8ahvOIQD8sw=="
        },
        "picocolors": {
            "version": "1.0.0",
            "resolved": "https://registry.npmjs.org/picocolors/-/picocolors-1.0.0.tgz",
            "integrity": "sha512-1fygroTLlHu66zi26VoTDv8yRgm0Fccecssto+MhsZ0D/DGW2sm8E8AjW7NU5VVTRt5GxbeZ5qBuJr+HyLYkjQ=="
        },
        "postcss": {
            "version": "8.4.12",
            "resolved": "https://registry.npmjs.org/postcss/-/postcss-8.4.12.tgz",
            "integrity": "sha512-lg6eITwYe9v6Hr5CncVbK70SoioNQIq81nsaG86ev5hAidQvmOeETBqs7jm43K2F5/Ley3ytDtriImV6TpNiSg==",
            "requires": {
                "nanoid": "^3.3.1",
                "picocolors": "^1.0.0",
                "source-map-js": "^1.0.2"
            }
        },
        "preact": {
            "version": "10.6.6",
            "resolved": "https://registry.npmjs.org/preact/-/preact-10.6.6.tgz",
            "integrity": "sha512-dgxpTFV2vs4vizwKohYKkk7g7rmp1wOOcfd4Tz3IB3Wi+ivZzsn/SpeKJhRENSE+n8sUfsAl4S3HiCVT923ABw=="
        },
        "prismjs": {
            "version": "1.27.0",
            "resolved": "https://registry.npmjs.org/prismjs/-/prismjs-1.27.0.tgz",
            "integrity": "sha512-t13BGPUlFDR7wRB5kQDG4jjl7XeuH6jbJGt11JHPL96qwsEHNX2+68tFXqc1/k+/jALsbSWJKUOT/hcYAZ5LkA=="
        },
        "resolve": {
            "version": "1.22.0",
            "resolved": "https://registry.npmjs.org/resolve/-/resolve-1.22.0.tgz",
            "integrity": "sha512-Hhtrw0nLeSrFQ7phPp4OOcVjLPIeMnRlr5mcnVuMe7M/7eBn98A3hmFRLoFo3DLZkivSYwhRUJTyPyWAk56WLw==",
            "requires": {
                "is-core-module": "^2.8.1",
                "path-parse": "^1.0.7",
                "supports-preserve-symlinks-flag": "^1.0.0"
            }
        },
        "rollup": {
            "version": "2.70.1",
            "resolved": "https://registry.npmjs.org/rollup/-/rollup-2.70.1.tgz",
            "integrity": "sha512-CRYsI5EuzLbXdxC6RnYhOuRdtz4bhejPMSWjsFLfVM/7w/85n2szZv6yExqUXsBdz5KT8eoubeyDUDjhLHEslA==",
            "requires": {
                "fsevents": "~2.3.2"
            }
        },
        "shiki": {
            "version": "0.9.15",
            "resolved": "https://registry.npmjs.org/shiki/-/shiki-0.9.15.tgz",
            "integrity": "sha512-/Y0z9IzhJ8nD9nbceORCqu6NgT9X6I8Fk8c3SICHI5NbZRLdZYFaB233gwct9sU0vvSypyaL/qaKvzyQGJBZSw==",
            "requires": {
                "jsonc-parser": "^3.0.0",
                "vscode-oniguruma": "^1.6.1",
                "vscode-textmate": "5.2.0"
            }
        },
        "shuttle-theme": {
            "version": "1.0.10",
            "resolved": "https://registry.npmjs.org/shuttle-theme/-/shuttle-theme-1.0.10.tgz",
            "integrity": "sha512-ENvfoLqCylvmmS8DMvdqKhCoS/G/Z5Br1ZlnDvTYasXckpDLrSVHFZ/IBUsFdloaz0kaIOQ8xLXT4qxHz+qQAA==",
            "requires": {
                "@docsearch/css": "^3.0.0-alpha.41",
                "@docsearch/js": "^3.0.0-alpha.41",
                "@vueuse/core": "^7.3.0",
                "body-scroll-lock": "^3.1.5",
                "normalize.css": "^8.0.1",
                "shiki": "^0.9.15"
            },
            "dependencies": {
                "@vueuse/core": {
                    "version": "7.7.1",
                    "resolved": "https://registry.npmjs.org/@vueuse/core/-/core-7.7.1.tgz",
                    "integrity": "sha512-PRRgbATMpoeUmkCEBtUeJgOwtew8s+4UsEd+Pm7MhkjL2ihCNrSqxNVtM6NFE4uP2sWnkGcZpCjPuNSxowJ1Ow==",
                    "requires": {
                        "@vueuse/shared": "7.7.1",
                        "vue-demi": "*"
                    }
                },
                "@vueuse/shared": {
                    "version": "7.7.1",
                    "resolved": "https://registry.npmjs.org/@vueuse/shared/-/shared-7.7.1.tgz",
                    "integrity": "sha512-rN2qd22AUl7VdBxihagWyhUNHCyVk9IpvBTTfHoLH9G7rGE552X1f+zeCfehuno0zXif13jPw+icW/wn2a0rnQ==",
                    "requires": {
                        "vue-demi": "*"
                    }
                }
            }
        },
        "source-map": {
            "version": "0.6.1",
            "resolved": "https://registry.npmjs.org/source-map/-/source-map-0.6.1.tgz",
            "integrity": "sha512-UjgapumWlbMhkBgzT7Ykc5YXUT46F0iKu8SGXq0bcwP5dz/h0Plj6enJqjz1Zbq2l5WaqYnrVbwWOWMyF3F47g=="
        },
        "source-map-js": {
            "version": "1.0.2",
            "resolved": "https://registry.npmjs.org/source-map-js/-/source-map-js-1.0.2.tgz",
            "integrity": "sha512-R0XvVJ9WusLiqTCEiGCmICCMplcCkIwwR11mOSD9CR5u+IXYdiseeEuXCVAjS54zqwkLcPNnmU4OeJ6tUrWhDw=="
        },
        "sourcemap-codec": {
            "version": "1.4.8",
            "resolved": "https://registry.npmjs.org/sourcemap-codec/-/sourcemap-codec-1.4.8.tgz",
            "integrity": "sha512-9NykojV5Uih4lgo5So5dtw+f0JgJX30KCNI8gwhz2J9A15wD0Ml6tjHKwf6fTSa6fAdVBdZeNOs9eJ71qCk8vA=="
        },
        "supports-preserve-symlinks-flag": {
            "version": "1.0.0",
            "resolved": "https://registry.npmjs.org/supports-preserve-symlinks-flag/-/supports-preserve-symlinks-flag-1.0.0.tgz",
            "integrity": "sha512-ot0WnXS9fgdkgIcePe6RHNk1WA8+muPa6cSjeR3V8K27q9BB1rTE3R1p7Hv0z1ZyAc8s6Vvv8DIyWf681MAt0w=="
        },
        "vite": {
            "version": "2.9.15",
            "resolved": "https://registry.npmjs.org/vite/-/vite-2.9.15.tgz",
            "integrity": "sha512-fzMt2jK4vQ3yK56te3Kqpkaeq9DkcZfBbzHwYpobasvgYmP2SoAr6Aic05CsB4CzCZbsDv4sujX3pkEGhLabVQ==",
            "requires": {
                "esbuild": "^0.14.27",
                "fsevents": "~2.3.2",
                "postcss": "^8.4.13",
                "resolve": "^1.22.0",
                "rollup": ">=2.59.0 <2.78.0"
            },
            "dependencies": {
                "nanoid": {
                    "version": "3.3.4",
                    "resolved": "https://registry.npmjs.org/nanoid/-/nanoid-3.3.4.tgz",
                    "integrity": "sha512-MqBkQh/OHTS2egovRtLk45wEyNXwF+cokD+1YPf9u5VfJiRdAiRwB2froX5Co9Rh20xs4siNPm8naNotSD6RBw=="
                },
                "postcss": {
                    "version": "8.4.16",
                    "resolved": "https://registry.npmjs.org/postcss/-/postcss-8.4.16.tgz",
                    "integrity": "sha512-ipHE1XBvKzm5xI7hiHCZJCSugxvsdq2mPnsq5+UF+VHCjiBvtDrlxJfMBToWaP9D5XlgNmcFGqoHmUn0EYEaRQ==",
                    "requires": {
                        "nanoid": "^3.3.4",
                        "picocolors": "^1.0.0",
                        "source-map-js": "^1.0.2"
                    }
                }
            }
        },
        "vitepress": {
            "version": "0.22.3",
            "resolved": "https://registry.npmjs.org/vitepress/-/vitepress-0.22.3.tgz",
            "integrity": "sha512-Yfvu/rent2vp/TXIDZMutS6ft2TJPn4xngS48PYFWDEbuFI2ccUAXM481lF1qVVnCKxfh4g8e/KPvevSJdg1Bw==",
            "requires": {
                "@docsearch/css": "^3.0.0-alpha.41",
                "@docsearch/js": "^3.0.0-alpha.41",
                "@vitejs/plugin-vue": "^2.2.0",
                "prismjs": "^1.25.0",
                "vite": "^2.8.1",
                "vue": "^3.2.31"
            }
        },
        "vscode-oniguruma": {
            "version": "1.6.2",
            "resolved": "https://registry.npmjs.org/vscode-oniguruma/-/vscode-oniguruma-1.6.2.tgz",
            "integrity": "sha512-KH8+KKov5eS/9WhofZR8M8dMHWN2gTxjMsG4jd04YhpbPR91fUj7rYQ2/XjeHCJWbg7X++ApRIU9NUwM2vTvLA=="
        },
        "vscode-textmate": {
            "version": "5.2.0",
            "resolved": "https://registry.npmjs.org/vscode-textmate/-/vscode-textmate-5.2.0.tgz",
            "integrity": "sha512-Uw5ooOQxRASHgu6C7GVvUxisKXfSgW4oFlO+aa+PAkgmH89O3CXxEEzNRNtHSqtXFTl0nAC1uYj0GMSH27uwtQ=="
        },
        "vue": {
            "version": "3.2.31",
            "resolved": "https://registry.npmjs.org/vue/-/vue-3.2.31.tgz",
            "integrity": "sha512-odT3W2tcffTiQCy57nOT93INw1auq5lYLLYtWpPYQQYQOOdHiqFct9Xhna6GJ+pJQaF67yZABraH47oywkJgFw==",
            "requires": {
                "@vue/compiler-dom": "3.2.31",
                "@vue/compiler-sfc": "3.2.31",
                "@vue/runtime-dom": "3.2.31",
                "@vue/server-renderer": "3.2.31",
                "@vue/shared": "3.2.31"
            }
        },
        "vue-demi": {
            "version": "0.12.4",
            "resolved": "https://registry.npmjs.org/vue-demi/-/vue-demi-0.12.4.tgz",
            "integrity": "sha512-ztPDkFt0TSUdoq1ZI6oD730vgztBkiByhUW7L1cOTebiSBqSYfSQgnhYakYigBkyAybqCTH7h44yZuDJf2xILQ=="
        }
    }
}
