Microsoft Visual Studio Solution File, Format Version 12.00
## Visual Studio 2010
Project("{FAE04EC0-301F-11D3-BF4B-00C04F79EFBC}") = "Shuttle.Scheduling", "Shuttle.Scheduling\Shuttle.Scheduling.csproj", "{EBB6B69C-7B98-44D9-9EB1-16029FC1237E}"
EndProject
Project("{FAE04EC0-301F-11D3-BF4B-00C04F79EFBC}") = "Shuttle.Scheduling.Server", "Shuttle.Scheduling.Server\Shuttle.Scheduling.Server.csproj", "{158B4F4C-5AF8-4FDC-9E3F-72DE0E01B9E4}"
EndProject
Global
	GlobalSection(SolutionConfigurationPlatforms) = preSolution
		Debug|Any CPU = Debug|Any CPU
		Release|Any CPU = Release|Any CPU
	EndGlobalSection
	GlobalSection(ProjectConfigurationPlatforms) = postSolution
		{EBB6B69C-7B98-44D9-9EB1-16029FC1237E}.Debug|Any CPU.ActiveCfg = Debug|Any CPU
		{EBB6B69C-7B98-44D9-9EB1-16029FC1237E}.Debug|Any CPU.Build.0 = Debug|Any CPU
		{EBB6B69C-7B98-44D9-9EB1-16029FC1237E}.Release|Any CPU.ActiveCfg = Release|Any CPU
		{EBB6B69C-7B98-44D9-9EB1-16029FC1237E}.Release|Any CPU.Build.0 = Release|Any CPU
		{158B4F4C-5AF8-4FDC-9E3F-72DE0E01B9E4}.Debug|Any CPU.ActiveCfg = Debug|Any CPU
		{158B4F4C-5AF8-4FDC-9E3F-72DE0E01B9E4}.Debug|Any CPU.Build.0 = Debug|Any CPU
		{158B4F4C-5AF8-4FDC-9E3F-72DE0E01B9E4}.Release|Any CPU.ActiveCfg = Release|Any CPU
		{158B4F4C-5AF8-4FDC-9E3F-72DE0E01B9E4}.Release|Any CPU.Build.0 = Release|Any CPU
	EndGlobalSection
	GlobalSection(SolutionProperties) = preSolution
		HideSolutionNode = FALSE
	EndGlobalSection
EndGlobal
